// !$*UTF8*$!
{
	archiveVersion = 1;
	classes = {
	};
	objectVersion = 50;
	objects = {

/* Begin PBXBuildFile section */
		1FA26BE3245E4358008D277D /* AppDelegate.swift in Sources */ = {isa = PBXBuildFile; fileRef = 1FA26BE2245E4358008D277D /* AppDelegate.swift */; };
		1FA26BE5245E4358008D277D /* SceneDelegate.swift in Sources */ = {isa = PBXBuildFile; fileRef = 1FA26BE4245E4358008D277D /* SceneDelegate.swift */; };
		1FA26BE7245E4358008D277D /* ViewController.swift in Sources */ = {isa = PBXBuildFile; fileRef = 1FA26BE6245E4358008D277D /* ViewController.swift */; };
		1FA26BEA245E4358008D277D /* Main.storyboard in Resources */ = {isa = PBXBuildFile; fileRef = 1FA26BE8245E4358008D277D /* Main.storyboard */; };
		1FA26BED245E4358008D277D /* BoardNews.xcdatamodeld in Sources */ = {isa = PBXBuildFile; fileRef = 1FA26BEB245E4358008D277D /* BoardNews.xcdatamodeld */; };
		1FA26BEF245E435C008D277D /* Assets.xcassets in Resources */ = {isa = PBXBuildFile; fileRef = 1FA26BEE245E435C008D277D /* Assets.xcassets */; };
		1FA26BF2245E435C008D277D /* LaunchScreen.storyboard in Resources */ = {isa = PBXBuildFile; fileRef = 1FA26BF0245E435C008D277D /* LaunchScreen.storyboard */; };
		1FA26BFD245E435C008D277D /* BoardNewsTests.swift in Sources */ = {isa = PBXBuildFile; fileRef = 1FA26BFC245E435C008D277D /* BoardNewsTests.swift */; };
		1FA26C08245E435C008D277D /* BoardNewsUITests.swift in Sources */ = {isa = PBXBuildFile; fileRef = 1FA26C07245E435C008D277D /* BoardNewsUITests.swift */; };
		1FF730242466790800793858 /* NewsCell.swift in Sources */ = {isa = PBXBuildFile; fileRef = 1FF730232466790800793858 /* NewsCell.swift */; };
		1FF730262466825F00793858 /* News.swift in Sources */ = {isa = PBXBuildFile; fileRef = 1FF730252466825F00793858 /* News.swift */; };
/* End PBXBuildFile section */

/* Begin PBXContainerItemProxy section */
		1FA26BF9245E435C008D277D /* PBXContainerItemProxy */ = {
			isa = PBXContainerItemProxy;
			containerPortal = 1FA26BD7245E4358008D277D /* Project object */;
			proxyType = 1;
			remoteGlobalIDString = 1FA26BDE245E4358008D277D;
			remoteInfo = BoardNews;
		};
		1FA26C04245E435C008D277D /* PBXContainerItemProxy */ = {
			isa = PBXContainerItemProxy;
			containerPortal = 1FA26BD7245E4358008D277D /* Project object */;
			proxyType = 1;
			remoteGlobalIDString = 1FA26BDE245E4358008D277D;
			remoteInfo = BoardNews;
		};
/* End PBXContainerItemProxy section */

/* Begin PBXFileReference section */
		1FA26BDF245E4358008D277D /* BoardNews.app */ = {isa = PBXFileReference; explicitFileType = wrapper.application; includeInIndex = 0; path = BoardNews.app; sourceTree = BUILT_PRODUCTS_DIR; };
		1FA26BE2245E4358008D277D /* AppDelegate.swift */ = {isa = PBXFileReference; lastKnownFileType = sourcecode.swift; path = AppDelegate.swift; sourceTree = "<group>"; };
		1FA26BE4245E4358008D277D /* SceneDelegate.swift */ = {isa = PBXFileReference; lastKnownFileType = sourcecode.swift; path = SceneDelegate.swift; sourceTree = "<group>"; };
		1FA26BE6245E4358008D277D /* ViewController.swift */ = {isa = PBXFileReference; lastKnownFileType = sourcecode.swift; path = ViewController.swift; sourceTree = "<group>"; };
		1FA26BE9245E4358008D277D /* Base */ = {isa = PBXFileReference; lastKnownFileType = file.storyboard; name = Base; path = Base.lproj/Main.storyboard; sourceTree = "<group>"; };
		1FA26BEC245E4358008D277D /* BoardNews.xcdatamodel */ = {isa = PBXFileReference; lastKnownFileType = wrapper.xcdatamodel; path = BoardNews.xcdatamodel; sourceTree = "<group>"; };
		1FA26BEE245E435C008D277D /* Assets.xcassets */ = {isa = PBXFileReference; lastKnownFileType = folder.assetcatalog; path = Assets.xcassets; sourceTree = "<group>"; };
		1FA26BF1245E435C008D277D /* Base */ = {isa = PBXFileReference; lastKnownFileType = file.storyboard; name = Base; path = Base.lproj/LaunchScreen.storyboard; sourceTree = "<group>"; };
		1FA26BF3245E435C008D277D /* Info.plist */ = {isa = PBXFileReference; lastKnownFileType = text.plist.xml; path = Info.plist; sourceTree = "<group>"; };
		1FA26BF8245E435C008D277D /* BoardNewsTests.xctest */ = {isa = PBXFileReference; explicitFileType = wrapper.cfbundle; includeInIndex = 0; path = BoardNewsTests.xctest; sourceTree = BUILT_PRODUCTS_DIR; };
		1FA26BFC245E435C008D277D /* BoardNewsTests.swift */ = {isa = PBXFileReference; lastKnownFileType = sourcecode.swift; path = BoardNewsTests.swift; sourceTree = "<group>"; };
		1FA26BFE245E435C008D277D /* Info.plist */ = {isa = PBXFileReference; lastKnownFileType = text.plist.xml; path = Info.plist; sourceTree = "<group>"; };
		1FA26C03245E435C008D277D /* BoardNewsUITests.xctest */ = {isa = PBXFileReference; explicitFileType = wrapper.cfbundle; includeInIndex = 0; path = BoardNewsUITests.xctest; sourceTree = BUILT_PRODUCTS_DIR; };
		1FA26C07245E435C008D277D /* BoardNewsUITests.swift */ = {isa = PBXFileReference; lastKnownFileType = sourcecode.swift; path = BoardNewsUITests.swift; sourceTree = "<group>"; };
		1FA26C09245E435C008D277D /* Info.plist */ = {isa = PBXFileReference; lastKnownFileType = text.plist.xml; path = Info.plist; sourceTree = "<group>"; };
		1FF730232466790800793858 /* NewsCell.swift */ = {isa = PBXFileReference; lastKnownFileType = sourcecode.swift; path = NewsCell.swift; sourceTree = "<group>"; };
		1FF730252466825F00793858 /* News.swift */ = {isa = PBXFileReference; lastKnownFileType = sourcecode.swift; path = News.swift; sourceTree = "<group>"; };
/* End PBXFileReference section */

/* Begin PBXFrameworksBuildPhase section */
		1FA26BDC245E4358008D277D /* Frameworks */ = {
			isa = PBXFrameworksBuildPhase;
			buildActionMask = 2147483647;
			files = (
			);
			runOnlyForDeploymentPostprocessing = 0;
		};
		1FA26BF5245E435C008D277D /* Frameworks */ = {
			isa = PBXFrameworksBuildPhase;
			buildActionMask = 2147483647;
			files = (
			);
			runOnlyForDeploymentPostprocessing = 0;
		};
		1FA26C00245E435C008D277D /* Frameworks */ = {
			isa = PBXFrameworksBuildPhase;
			buildActionMask = 2147483647;
			files = (
			);
			runOnlyForDeploymentPostprocessing = 0;
		};
/* End PBXFrameworksBuildPhase section */

/* Begin PBXGroup section */
		1FA26BD6245E4358008D277D = {
			isa = PBXGroup;
			children = (
				1FA26BE1245E4358008D277D /* BoardNews */,
				1FA26BFB245E435C008D277D /* BoardNewsTests */,
				1FA26C06245E435C008D277D /* BoardNewsUITests */,
				1FA26BE0245E4358008D277D /* Products */,
			);
			sourceTree = "<group>";
		};
		1FA26BE0245E4358008D277D /* Products */ = {
			isa = PBXGroup;
			children = (
				1FA26BDF245E4358008D277D /* BoardNews.app */,
				1FA26BF8245E435C008D277D /* BoardNewsTests.xctest */,
				1FA26C03245E435C008D277D /* BoardNewsUITests.xctest */,
			);
			name = Products;
			sourceTree = "<group>";
		};
		1FA26BE1245E4358008D277D /* BoardNews */ = {
			isa = PBXGroup;
			children = (
				1FA26BE2245E4358008D277D /* AppDelegate.swift */,
				1FA26BE4245E4358008D277D /* SceneDelegate.swift */,
				1FA26BE6245E4358008D277D /* ViewController.swift */,
				1FA26BE8245E4358008D277D /* Main.storyboard */,
				1FF730232466790800793858 /* NewsCell.swift */,
				1FA26BEE245E435C008D277D /* Assets.xcassets */,
				1FA26BF0245E435C008D277D /* LaunchScreen.storyboard */,
				1FA26BF3245E435C008D277D /* Info.plist */,
				1FA26BEB245E4358008D277D /* BoardNews.xcdatamodeld */,
				1FF730252466825F00793858 /* News.swift */,
			);
			path = BoardNews;
			sourceTree = "<group>";
		};
		1FA26BFB245E435C008D277D /* BoardNewsTests */ = {
			isa = PBXGroup;
			children = (
				1FA26BFC245E435C008D277D /* BoardNewsTests.swift */,
				1FA26BFE245E435C008D277D /* Info.plist */,
			);
			path = BoardNewsTests;
			sourceTree = "<group>";
		};
		1FA26C06245E435C008D277D /* BoardNewsUITests */ = {
			isa = PBXGroup;
			children = (
				1FA26C07245E435C008D277D /* BoardNewsUITests.swift */,
				1FA26C09245E435C008D277D /* Info.plist */,
			);
			path = BoardNewsUITests;
			sourceTree = "<group>";
		};
/* End PBXGroup section */

/* Begin PBXNativeTarget section */
		1FA26BDE245E4358008D277D /* BoardNews */ = {
			isa = PBXNativeTarget;
			buildConfigurationList = 1FA26C0C245E435C008D277D /* Build configuration list for PBXNativeTarget "BoardNews" */;
			buildPhases = (
				1FA26BDB245E4358008D277D /* Sources */,
				1FA26BDC245E4358008D277D /* Frameworks */,
				1FA26BDD245E4358008D277D /* Resources */,
			);
			buildRules = (
			);
			dependencies = (
			);
			name = BoardNews;
			productName = BoardNews;
			productReference = 1FA26BDF245E4358008D277D /* BoardNews.app */;
			productType = "com.apple.product-type.application";
		};
		1FA26BF7245E435C008D277D /* BoardNewsTests */ = {
			isa = PBXNativeTarget;
			buildConfigurationList = 1FA26C0F245E435C008D277D /* Build configuration list for PBXNativeTarget "BoardNewsTests" */;
			buildPhases = (
				1FA26BF4245E435C008D277D /* Sources */,
				1FA26BF5245E435C008D277D /* Frameworks */,
				1FA26BF6245E435C008D277D /* Resources */,
			);
			buildRules = (
			);
			dependencies = (
				1FA26BFA245E435C008D277D /* PBXTargetDependency */,
			);
			name = BoardNewsTests;
			productName = BoardNewsTests;
			productReference = 1FA26BF8245E435C008D277D /* BoardNewsTests.xctest */;
			productType = "com.apple.product-type.bundle.unit-test";
		};
		1FA26C02245E435C008D277D /* BoardNewsUITests */ = {
			isa = PBXNativeTarget;
			buildConfigurationList = 1FA26C12245E435C008D277D /* Build configuration list for PBXNativeTarget "BoardNewsUITests" */;
			buildPhases = (
				1FA26BFF245E435C008D277D /* Sources */,
				1FA26C00245E435C008D277D /* Frameworks */,
				1FA26C01245E435C008D277D /* Resources */,
			);
			buildRules = (
			);
			dependencies = (
				1FA26C05245E435C008D277D /* PBXTargetDependency */,
			);
			name = BoardNewsUITests;
			productName = BoardNewsUITests;
			productReference = 1FA26C03245E435C008D277D /* BoardNewsUITests.xctest */;
			productType = "com.apple.product-type.bundle.ui-testing";
		};
/* End PBXNativeTarget section */

/* Begin PBXProject section */
		1FA26BD7245E4358008D277D /* Project object */ = {
			isa = PBXProject;
			attributes = {
				LastSwiftUpdateCheck = 1140;
				LastUpgradeCheck = 1140;
				ORGANIZATIONNAME = "Serina Chen";
				TargetAttributes = {
					1FA26BDE245E4358008D277D = {
						CreatedOnToolsVersion = 11.4.1;
					};
					1FA26BF7245E435C008D277D = {
						CreatedOnToolsVersion = 11.4.1;
						TestTargetID = 1FA26BDE245E4358008D277D;
					};
					1FA26C02245E435C008D277D = {
						CreatedOnToolsVersion = 11.4.1;
						TestTargetID = 1FA26BDE245E4358008D277D;
					};
				};
			};
			buildConfigurationList = 1FA26BDA245E4358008D277D /* Build configuration list for PBXProject "BoardNews" */;
			compatibilityVersion = "Xcode 9.3";
			developmentRegion = en;
			hasScannedForEncodings = 0;
			knownRegions = (
				en,
				Base,
			);
			mainGroup = 1FA26BD6245E4358008D277D;
			productRefGroup = 1FA26BE0245E4358008D277D /* Products */;
			projectDirPath = "";
			projectRoot = "";
			targets = (
				1FA26BDE245E4358008D277D /* BoardNews */,
				1FA26BF7245E435C008D277D /* BoardNewsTests */,
				1FA26C02245E435C008D277D /* BoardNewsUITests */,
			);
		};
/* End PBXProject section */

/* Begin PBXResourcesBuildPhase section */
		1FA26BDD245E4358008D277D /* Resources */ = {
			isa = PBXResourcesBuildPhase;
			buildActionMask = 2147483647;
			files = (
				1FA26BF2245E435C008D277D /* LaunchScreen.storyboard in Resources */,
				1FA26BEF245E435C008D277D /* Assets.xcassets in Resources */,
				1FA26BEA245E4358008D277D /* Main.storyboard in Resources */,
			);
			runOnlyForDeploymentPostprocessing = 0;
		};
		1FA26BF6245E435C008D277D /* Resources */ = {
			isa = PBXResourcesBuildPhase;
			buildActionMask = 2147483647;
			files = (
			);
			runOnlyForDeploymentPostprocessing = 0;
		};
		1FA26C01245E435C008D277D /* Resources */ = {
			isa = PBXResourcesBuildPhase;
			buildActionMask = 2147483647;
			files = (
			);
			runOnlyForDeploymentPostprocessing = 0;
		};
/* End PBXResourcesBuildPhase section */

/* Begin PBXSourcesBuildPhase section */
		1FA26BDB245E4358008D277D /* Sources */ = {
			isa = PBXSourcesBuildPhase;
			buildActionMask = 2147483647;
			files = (
				1FF730262466825F00793858 /* News.swift in Sources */,
				1FA26BE7245E4358008D277D /* ViewController.swift in Sources */,
				1FA26BE3245E4358008D277D /* AppDelegate.swift in Sources */,
				1FA26BE5245E4358008D277D /* SceneDelegate.swift in Sources */,
				1FA26BED245E4358008D277D /* BoardNews.xcdatamodeld in Sources */,
				1FF730242466790800793858 /* NewsCell.swift in Sources */,
			);
			runOnlyForDeploymentPostprocessing = 0;
		};
		1FA26BF4245E435C008D277D /* Sources */ = {
			isa = PBXSourcesBuildPhase;
			buildActionMask = 2147483647;
			files = (
				1FA26BFD245E435C008D277D /* BoardNewsTests.swift in Sources */,
			);
			runOnlyForDeploymentPostprocessing = 0;
		};
		1FA26BFF245E435C008D277D /* Sources */ = {
			isa = PBXSourcesBuildPhase;
			buildActionMask = 2147483647;
			files = (
				1FA26C08245E435C008D277D /* BoardNewsUITests.swift in Sources */,
			);
			runOnlyForDeploymentPostprocessing = 0;
		};
/* End PBXSourcesBuildPhase section */

/* Begin PBXTargetDependency section */
		1FA26BFA245E435C008D277D /* PBXTargetDependency */ = {
			isa = PBXTargetDependency;
			target = 1FA26BDE245E4358008D277D /* BoardNews */;
			targetProxy = 1FA26BF9245E435C008D277D /* PBXContainerItemProxy */;
		};
		1FA26C05245E435C008D277D /* PBXTargetDependency */ = {
			isa = PBXTargetDependency;
			target = 1FA26BDE245E4358008D277D /* BoardNews */;
			targetProxy = 1FA26C04245E435C008D277D /* PBXContainerItemProxy */;
		};
/* End PBXTargetDependency section */

/* Begin PBXVariantGroup section */
		1FA26BE8245E4358008D277D /* Main.storyboard */ = {
			isa = PBXVariantGroup;
			children = (
				1FA26BE9245E4358008D277D /* Base */,
			);
			name = Main.storyboard;
			sourceTree = "<group>";
		};
		1FA26BF0245E435C008D277D /* LaunchScreen.storyboard */ = {
			isa = PBXVariantGroup;
			children = (
				1FA26BF1245E435C008D277D /* Base */,
			);
			name = LaunchScreen.storyboard;
			sourceTree = "<group>";
		};
/* End PBXVariantGroup section */

/* Begin XCBuildConfiguration section */
		1FA26C0A245E435C008D277D /* Debug */ = {
			isa = XCBuildConfiguration;
			buildSettings = {
				ALWAYS_SEARCH_USER_PATHS = NO;
				CLANG_ANALYZER_NONNULL = YES;
				CLANG_ANALYZER_NUMBER_OBJECT_CONVERSION = YES_AGGRESSIVE;
				CLANG_CXX_LANGUAGE_STANDARD = "gnu++14";
				CLANG_CXX_LIBRARY = "libc++";
				CLANG_ENABLE_MODULES = YES;
				CLANG_ENABLE_OBJC_ARC = YES;
				CLANG_ENABLE_OBJC_WEAK = YES;
				CLANG_WARN_BLOCK_CAPTURE_AUTORELEASING = YES;
				CLANG_WARN_BOOL_CONVERSION = YES;
				CLANG_WARN_COMMA = YES;
				CLANG_WARN_CONSTANT_CONVERSION = YES;
				CLANG_WARN_DEPRECATED_OBJC_IMPLEMENTATIONS = YES;
				CLANG_WARN_DIRECT_OBJC_ISA_USAGE = YES_ERROR;
				CLANG_WARN_DOCUMENTATION_COMMENTS = YES;
				CLANG_WARN_EMPTY_BODY = YES;
				CLANG_WARN_ENUM_CONVERSION = YES;
				CLANG_WARN_INFINITE_RECURSION = YES;
				CLANG_WARN_INT_CONVERSION = YES;
				CLANG_WARN_NON_LITERAL_NULL_CONVERSION = YES;
				CLANG_WARN_OBJC_IMPLICIT_RETAIN_SELF = YES;
				CLANG_WARN_OBJC_LITERAL_CONVERSION = YES;
				CLANG_WARN_OBJC_ROOT_CLASS = YES_ERROR;
				CLANG_WARN_RANGE_LOOP_ANALYSIS = YES;
				CLANG_WARN_STRICT_PROTOTYPES = YES;
				CLANG_WARN_SUSPICIOUS_MOVE = YES;
				CLANG_WARN_UNGUARDED_AVAILABILITY = YES_AGGRESSIVE;
				CLANG_WARN_UNREACHABLE_CODE = YES;
				CLANG_WARN__DUPLICATE_METHOD_MATCH = YES;
				COPY_PHASE_STRIP = NO;
				DEBUG_INFORMATION_FORMAT = dwarf;
				ENABLE_STRICT_OBJC_MSGSEND = YES;
				ENABLE_TESTABILITY = YES;
				GCC_C_LANGUAGE_STANDARD = gnu11;
				GCC_DYNAMIC_NO_PIC = NO;
				GCC_NO_COMMON_BLOCKS = YES;
				GCC_OPTIMIZATION_LEVEL = 0;
				GCC_PREPROCESSOR_DEFINITIONS = (
					"DEBUG=1",
					"$(inherited)",
				);
				GCC_WARN_64_TO_32_BIT_CONVERSION = YES;
				GCC_WARN_ABOUT_RETURN_TYPE = YES_ERROR;
				GCC_WARN_UNDECLARED_SELECTOR = YES;
				GCC_WARN_UNINITIALIZED_AUTOS = YES_AGGRESSIVE;
				GCC_WARN_UNUSED_FUNCTION = YES;
				GCC_WARN_UNUSED_VARIABLE = YES;
				IPHONEOS_DEPLOYMENT_TARGET = 13.4;
				MTL_ENABLE_DEBUG_INFO = INCLUDE_SOURCE;
				MTL_FAST_MATH = YES;
				ONLY_ACTIVE_ARCH = YES;
				SDKROOT = iphoneos;
				SWIFT_ACTIVE_COMPILATION_CONDITIONS = DEBUG;
				SWIFT_OPTIMIZATION_LEVEL = "-Onone";
			};
			name = Debug;
		};
		1FA26C0B245E435C008D277D /* Release */ = {
			isa = XCBuildConfiguration;
			buildSettings = {
				ALWAYS_SEARCH_USER_PATHS = NO;
				CLANG_ANALYZER_NONNULL = YES;
				CLANG_ANALYZER_NUMBER_OBJECT_CONVERSION = YES_AGGRESSIVE;
				CLANG_CXX_LANGUAGE_STANDARD = "gnu++14";
				CLANG_CXX_LIBRARY = "libc++";
				CLANG_ENABLE_MODULES = YES;
				CLANG_ENABLE_OBJC_ARC = YES;
				CLANG_ENABLE_OBJC_WEAK = YES;
				CLANG_WARN_BLOCK_CAPTURE_AUTORELEASING = YES;
				CLANG_WARN_BOOL_CONVERSION = YES;
				CLANG_WARN_COMMA = YES;
				CLANG_WARN_CONSTANT_CONVERSION = YES;
				CLANG_WARN_DEPRECATED_OBJC_IMPLEMENTATIONS = YES;
				CLANG_WARN_DIRECT_OBJC_ISA_USAGE = YES_ERROR;
				CLANG_WARN_DOCUMENTATION_COMMENTS = YES;
				CLANG_WARN_EMPTY_BODY = YES;
				CLANG_WARN_ENUM_CONVERSION = YES;
				CLANG_WARN_INFINITE_RECURSION = YES;
				CLANG_WARN_INT_CONVERSION = YES;
				CLANG_WARN_NON_LITERAL_NULL_CONVERSION = YES;
				CLANG_WARN_OBJC_IMPLICIT_RETAIN_SELF = YES;
				CLANG_WARN_OBJC_LITERAL_CONVERSION = YES;
				CLANG_WARN_OBJC_ROOT_CLASS = YES_ERROR;
				CLANG_WARN_RANGE_LOOP_ANALYSIS = YES;
				CLANG_WARN_STRICT_PROTOTYPES = YES;
				CLANG_WARN_SUSPICIOUS_MOVE = YES;
				CLANG_WARN_UNGUARDED_AVAILABILITY = YES_AGGRESSIVE;
				CLANG_WARN_UNREACHABLE_CODE = YES;
				CLANG_WARN__DUPLICATE_METHOD_MATCH = YES;
				COPY_PHASE_STRIP = NO;
				DEBUG_INFORMATION_FORMAT = "dwarf-with-dsym";
				ENABLE_NS_ASSERTIONS = NO;
				ENABLE_STRICT_OBJC_MSGSEND = YES;
				GCC_C_LANGUAGE_STANDARD = gnu11;
				GCC_NO_COMMON_BLOCKS = YES;
				GCC_WARN_64_TO_32_BIT_CONVERSION = YES;
				GCC_WARN_ABOUT_RETURN_TYPE = YES_ERROR;
				GCC_WARN_UNDECLARED_SELECTOR = YES;
				GCC_WARN_UNINITIALIZED_AUTOS = YES_AGGRESSIVE;
				GCC_WARN_UNUSED_FUNCTION = YES;
				GCC_WARN_UNUSED_VARIABLE = YES;
				IPHONEOS_DEPLOYMENT_TARGET = 13.4;
				MTL_ENABLE_DEBUG_INFO = NO;
				MTL_FAST_MATH = YES;
				SDKROOT = iphoneos;
				SWIFT_COMPILATION_MODE = wholemodule;
				SWIFT_OPTIMIZATION_LEVEL = "-O";
				VALIDATE_PRODUCT = YES;
			};
			name = Release;
		};
		1FA26C0D245E435C008D277D /* Debug */ = {
			isa = XCBuildConfiguration;
			buildSettings = {
				ASSETCATALOG_COMPILER_APPICON_NAME = AppIcon;
				CODE_SIGN_STYLE = Automatic;
				INFOPLIST_FILE = BoardNews/Info.plist;
				IPHONEOS_DEPLOYMENT_TARGET = 13.2;
				LD_RUNPATH_SEARCH_PATHS = (
					"$(inherited)",
					"@executable_path/Frameworks",
				);
				PRODUCT_BUNDLE_IDENTIFIER = seri00.BoardNews;
				PRODUCT_NAME = "$(TARGET_NAME)";
				SWIFT_VERSION = 5.0;
				TARGETED_DEVICE_FAMILY = "1,2";
			};
			name = Debug;
		};
		1FA26C0E245E435C008D277D /* Release */ = {
			isa = XCBuildConfiguration;
			buildSettings = {
				ASSETCATALOG_COMPILER_APPICON_NAME = AppIcon;
				CODE_SIGN_STYLE = Automatic;
				INFOPLIST_FILE = BoardNews/Info.plist;
				IPHONEOS_DEPLOYMENT_TARGET = 13.2;
				LD_RUNPATH_SEARCH_PATHS = (
					"$(inherited)",
					"@executable_path/Frameworks",
				);
				PRODUCT_BUNDLE_IDENTIFIER = seri00.BoardNews;
				PRODUCT_NAME = "$(TARGET_NAME)";
				SWIFT_VERSION = 5.0;
				TARGETED_DEVICE_FAMILY = "1,2";
			};
			name = Release;
		};
		1FA26C10245E435C008D277D /* Debug */ = {
			isa = XCBuildConfiguration;
			buildSettings = {
				ALWAYS_EMBED_SWIFT_STANDARD_LIBRARIES = YES;
				BUNDLE_LOADER = "$(TEST_HOST)";
				CODE_SIGN_STYLE = Automatic;
				INFOPLIST_FILE = BoardNewsTests/Info.plist;
				IPHONEOS_DEPLOYMENT_TARGET = 13.4;
				LD_RUNPATH_SEARCH_PATHS = (
					"$(inherited)",
					"@executable_path/Frameworks",
					"@loader_path/Frameworks",
				);
				PRODUCT_BUNDLE_IDENTIFIER = seri00.BoardNewsTests;
				PRODUCT_NAME = "$(TARGET_NAME)";
				SWIFT_VERSION = 5.0;
				TARGETED_DEVICE_FAMILY = "1,2";
				TEST_HOST = "$(BUILT_PRODUCTS_DIR)/BoardNews.app/BoardNews";
			};
			name = Debug;
		};
		1FA26C11245E435C008D277D /* Release */ = {
			isa = XCBuildConfiguration;
			buildSettings = {
				ALWAYS_EMBED_SWIFT_STANDARD_LIBRARIES = YES;
				BUNDLE_LOADER = "$(TEST_HOST)";
				CODE_SIGN_STYLE = Automatic;
				INFOPLIST_FILE = BoardNewsTests/Info.plist;
				IPHONEOS_DEPLOYMENT_TARGET = 13.4;
				LD_RUNPATH_SEARCH_PATHS = (
					"$(inherited)",
					"@executable_path/Frameworks",
					"@loader_path/Frameworks",
				);
				PRODUCT_BUNDLE_IDENTIFIER = seri00.BoardNewsTests;
				PRODUCT_NAME = "$(TARGET_NAME)";
				SWIFT_VERSION = 5.0;
				TARGETED_DEVICE_FAMILY = "1,2";
				TEST_HOST = "$(BUILT_PRODUCTS_DIR)/BoardNews.app/BoardNews";
			};
			name = Release;
		};
		1FA26C13245E435C008D277D /* Debug */ = {
			isa = XCBuildConfiguration;
			buildSettings = {
				ALWAYS_EMBED_SWIFT_STANDARD_LIBRARIES = YES;
				CODE_SIGN_STYLE = Automatic;
				INFOPLIST_FILE = BoardNewsUITests/Info.plist;
				LD_RUNPATH_SEARCH_PATHS = (
					"$(inherited)",
					"@executable_path/Frameworks",
					"@loader_path/Frameworks",
				);
				PRODUCT_BUNDLE_IDENTIFIER = seri00.BoardNewsUITests;
				PRODUCT_NAME = "$(TARGET_NAME)";
				SWIFT_VERSION = 5.0;
				TARGETED_DEVICE_FAMILY = "1,2";
				TEST_TARGET_NAME = BoardNews;
			};
			name = Debug;
		};
		1FA26C14245E435C008D277D /* Release */ = {
			isa = XCBuildConfiguration;
			buildSettings = {
				ALWAYS_EMBED_SWIFT_STANDARD_LIBRARIES = YES;
				CODE_SIGN_STYLE = Automatic;
				INFOPLIST_FILE = BoardNewsUITests/Info.plist;
				LD_RUNPATH_SEARCH_PATHS = (
					"$(inherited)",
					"@executable_path/Frameworks",
					"@loader_path/Frameworks",
				);
				PRODUCT_BUNDLE_IDENTIFIER = seri00.BoardNewsUITests;
				PRODUCT_NAME = "$(TARGET_NAME)";
				SWIFT_VERSION = 5.0;
				TARGETED_DEVICE_FAMILY = "1,2";
				TEST_TARGET_NAME = BoardNews;
			};
			name = Release;
		};
/* End XCBuildConfiguration section */

/* Begin XCConfigurationList section */
		1FA26BDA245E4358008D277D /* Build configuration list for PBXProject "BoardNews" */ = {
			isa = XCConfigurationList;
			buildConfigurations = (
				1FA26C0A245E435C008D277D /* Debug */,
				1FA26C0B245E435C008D277D /* Release */,
			);
			defaultConfigurationIsVisible = 0;
			defaultConfigurationName = Release;
		};
		1FA26C0C245E435C008D277D /* Build configuration list for PBXNativeTarget "BoardNews" */ = {
			isa = XCConfigurationList;
			buildConfigurations = (
				1FA26C0D245E435C008D277D /* Debug */,
				1FA26C0E245E435C008D277D /* Release */,
			);
			defaultConfigurationIsVisible = 0;
			defaultConfigurationName = Release;
		};
		1FA26C0F245E435C008D277D /* Build configuration list for PBXNativeTarget "BoardNewsTests" */ = {
			isa = XCConfigurationList;
			buildConfigurations = (
				1FA26C10245E435C008D277D /* Debug */,
				1FA26C11245E435C008D277D /* Release */,
			);
			defaultConfigurationIsVisible = 0;
			defaultConfigurationName = Release;
		};
		1FA26C12245E435C008D277D /* Build configuration list for PBXNativeTarget "BoardNewsUITests" */ = {
			isa = XCConfigurationList;
			buildConfigurations = (
				1FA26C13245E435C008D277D /* Debug */,
				1FA26C14245E435C008D277D /* Release */,
			);
			defaultConfigurationIsVisible = 0;
			defaultConfigurationName = Release;
		};
/* End XCConfigurationList section */

/* Begin XCVersionGroup section */
		1FA26BEB245E4358008D277D /* BoardNews.xcdatamodeld */ = {
			isa = XCVersionGroup;
			children = (
				1FA26BEC245E4358008D277D /* BoardNews.xcdatamodel */,
			);
			currentVersion = 1FA26BEC245E4358008D277D /* BoardNews.xcdatamodel */;
			path = BoardNews.xcdatamodeld;
			sourceTree = "<group>";
			versionGroupType = wrapper.xcdatamodel;
		};
/* End XCVersionGroup section */
	};
	rootObject = 1FA26BD7245E4358008D277D /* Project object */;
}
